github.com/hasuburero/japanese v0.0.0-20241118072655-3bbe2b95e10b h1:HWLYao4nXRBKPyRZ28A/tTfeUf5XmsdN0vtD8ytZgY8=
github.com/hasuburero/japanese v0.0.0-20241118072655-3bbe2b95e10b/go.mod h1:Dd+EU2gYDL5rvsWXYU3GIACdaEeFw+64KTz34lhiw2Q=
github.com/hasuburero/japanese v0.0.0-20241118121132-3f28f73badc3 h1:MmVA6kDAoF0ohVgkiQtqMwzawUGZEWFixYNEgI5lW+E=
github.com/hasuburero/japanese v0.0.0-20241118121132-3f28f73badc3/go.mod h1:Dd+EU2gYDL5rvsWXYU3GIACdaEeFw+64KTz34lhiw2Q=
